
Microsoft Visual Studio Solution File, Format Version 12.00
# Visual Studio 15
VisualStudioVersion = 15.0.26228.9
MinimumVisualStudioVersion = 10.0.40219.1
Project("{FAE04EC0-301F-11D3-BF4B-00C04F79EFBC}") = "CMSoftLutions", "CMSoftLutions\CMSoftLutions.csproj", "{E66579F2-96F8-4821-9912-2F0255245FFA}"
EndProject
Project("{2150E333-8FDC-42A3-9474-1A3956D46DE8}") = "01-FrontEnd", "01-FrontEnd", "{9270E894-D17F-4B5B-8B65-0EE67E1C7122}"
EndProject
Project("{2150E333-8FDC-42A3-9474-1A3956D46DE8}") = "02-BusinessLogic", "02-BusinessLogic", "{CC7E7A1E-59A3-493F-9A54-AA05770F559B}"
EndProject
Project("{2150E333-8FDC-42A3-9474-1A3956D46DE8}") = "03-Persistence", "03-Persistence", "{292945C7-4E58-483C-B924-7635FEE5EDA4}"
EndProject
Project("{2150E333-8FDC-42A3-9474-1A3956D46DE8}") = "04-Common", "04-Common", "{CE116C8B-4153-43BD-A3AF-DA55F0B8EA19}"
EndProject
Project("{FAE04EC0-301F-11D3-BF4B-00C04F79EFBC}") = "Common", "Common\Common.csproj", "{2BBB0320-0DF8-4AE3-9136-3D75B1D969BF}"
EndProject
Project("{FAE04EC0-301F-11D3-BF4B-00C04F79EFBC}") = "Model", "Model\Model.csproj", "{9D2C5B36-F4F7-4BD3-B407-228747D55ED6}"
EndProject
Project("{FAE04EC0-301F-11D3-BF4B-00C04F79EFBC}") = "DatabaseContext", "DatabaseContext\DatabaseContext.csproj", "{0CF1A0CF-5E66-4C30-8C5C-AEC9070FBC06}"
EndProject
Project("{FAE04EC0-301F-11D3-BF4B-00C04F79EFBC}") = "DbContextScope", "DbContextScope\DbContextScope.csproj", "{64B1C516-1EF8-411C-994B-F0750D49E832}"
EndProject
Project("{FAE04EC0-301F-11D3-BF4B-00C04F79EFBC}") = "Repository", "Repository\Repository.csproj", "{16EF7B76-576A-493F-BBFA-DF505D4A96EE}"
EndProject
Project("{FAE04EC0-301F-11D3-BF4B-00C04F79EFBC}") = "BusinessLogic", "BusinessLogic\BusinessLogic.csproj", "{B73D74CC-EB8E-428E-A3DC-0E8B2C1EA844}"
EndProject
Global
	GlobalSection(SolutionConfigurationPlatforms) = preSolution
		Debug|Any CPU = Debug|Any CPU
		Release|Any CPU = Release|Any CPU
	EndGlobalSection
	GlobalSection(ProjectConfigurationPlatforms) = postSolution
		{E66579F2-96F8-4821-9912-2F0255245FFA}.Debug|Any CPU.ActiveCfg = Debug|Any CPU
		{E66579F2-96F8-4821-9912-2F0255245FFA}.Debug|Any CPU.Build.0 = Debug|Any CPU
		{E66579F2-96F8-4821-9912-2F0255245FFA}.Release|Any CPU.ActiveCfg = Release|Any CPU
		{E66579F2-96F8-4821-9912-2F0255245FFA}.Release|Any CPU.Build.0 = Release|Any CPU
		{2BBB0320-0DF8-4AE3-9136-3D75B1D969BF}.Debug|Any CPU.ActiveCfg = Debug|Any CPU
		{2BBB0320-0DF8-4AE3-9136-3D75B1D969BF}.Debug|Any CPU.Build.0 = Debug|Any CPU
		{2BBB0320-0DF8-4AE3-9136-3D75B1D969BF}.Release|Any CPU.ActiveCfg = Release|Any CPU
		{2BBB0320-0DF8-4AE3-9136-3D75B1D969BF}.Release|Any CPU.Build.0 = Release|Any CPU
		{9D2C5B36-F4F7-4BD3-B407-228747D55ED6}.Debug|Any CPU.ActiveCfg = Debug|Any CPU
		{9D2C5B36-F4F7-4BD3-B407-228747D55ED6}.Debug|Any CPU.Build.0 = Debug|Any CPU
		{9D2C5B36-F4F7-4BD3-B407-228747D55ED6}.Release|Any CPU.ActiveCfg = Release|Any CPU
		{9D2C5B36-F4F7-4BD3-B407-228747D55ED6}.Release|Any CPU.Build.0 = Release|Any CPU
		{0CF1A0CF-5E66-4C30-8C5C-AEC9070FBC06}.Debug|Any CPU.ActiveCfg = Debug|Any CPU
		{0CF1A0CF-5E66-4C30-8C5C-AEC9070FBC06}.Debug|Any CPU.Build.0 = Debug|Any CPU
		{0CF1A0CF-5E66-4C30-8C5C-AEC9070FBC06}.Release|Any CPU.ActiveCfg = Release|Any CPU
		{0CF1A0CF-5E66-4C30-8C5C-AEC9070FBC06}.Release|Any CPU.Build.0 = Release|Any CPU
		{64B1C516-1EF8-411C-994B-F0750D49E832}.Debug|Any CPU.ActiveCfg = Debug|Any CPU
		{64B1C516-1EF8-411C-994B-F0750D49E832}.Debug|Any CPU.Build.0 = Debug|Any CPU
		{64B1C516-1EF8-411C-994B-F0750D49E832}.Release|Any CPU.ActiveCfg = Release|Any CPU
		{64B1C516-1EF8-411C-994B-F0750D49E832}.Release|Any CPU.Build.0 = Release|Any CPU
		{16EF7B76-576A-493F-BBFA-DF505D4A96EE}.Debug|Any CPU.ActiveCfg = Debug|Any CPU
		{16EF7B76-576A-493F-BBFA-DF505D4A96EE}.Debug|Any CPU.Build.0 = Debug|Any CPU
		{16EF7B76-576A-493F-BBFA-DF505D4A96EE}.Release|Any CPU.ActiveCfg = Release|Any CPU
		{16EF7B76-576A-493F-BBFA-DF505D4A96EE}.Release|Any CPU.Build.0 = Release|Any CPU
		{B73D74CC-EB8E-428E-A3DC-0E8B2C1EA844}.Debug|Any CPU.ActiveCfg = Debug|Any CPU
		{B73D74CC-EB8E-428E-A3DC-0E8B2C1EA844}.Debug|Any CPU.Build.0 = Debug|Any CPU
		{B73D74CC-EB8E-428E-A3DC-0E8B2C1EA844}.Release|Any CPU.ActiveCfg = Release|Any CPU
		{B73D74CC-EB8E-428E-A3DC-0E8B2C1EA844}.Release|Any CPU.Build.0 = Release|Any CPU
	EndGlobalSection
	GlobalSection(SolutionProperties) = preSolution
		HideSolutionNode = FALSE
	EndGlobalSection
	GlobalSection(NestedProjects) = preSolution
		{E66579F2-96F8-4821-9912-2F0255245FFA} = {9270E894-D17F-4B5B-8B65-0EE67E1C7122}
		{2BBB0320-0DF8-4AE3-9136-3D75B1D969BF} = {CE116C8B-4153-43BD-A3AF-DA55F0B8EA19}
		{9D2C5B36-F4F7-4BD3-B407-228747D55ED6} = {CE116C8B-4153-43BD-A3AF-DA55F0B8EA19}
		{0CF1A0CF-5E66-4C30-8C5C-AEC9070FBC06} = {292945C7-4E58-483C-B924-7635FEE5EDA4}
		{64B1C516-1EF8-411C-994B-F0750D49E832} = {292945C7-4E58-483C-B924-7635FEE5EDA4}
		{16EF7B76-576A-493F-BBFA-DF505D4A96EE} = {292945C7-4E58-483C-B924-7635FEE5EDA4}
		{B73D74CC-EB8E-428E-A3DC-0E8B2C1EA844} = {CC7E7A1E-59A3-493F-9A54-AA05770F559B}
	EndGlobalSection
EndGlobal
